
Microsoft Visual Studio Solution File, Format Version 12.00
# Visual Studio 14
VisualStudioVersion = 14.0.25420.1
MinimumVisualStudioVersion = 10.0.40219.1
Project("{FAE04EC0-301F-11D3-BF4B-00C04F79EFBC}") = "CSharpV6", "CSharpV6\CSharpV6.csproj", "{D9C92DF1-E458-446B-87B5-94206DE2F05D}"
EndProject
Project("{FAE04EC0-301F-11D3-BF4B-00C04F79EFBC}") = "CSharpV7", "CSharpV7\CSharpV7.csproj", "{1C1F0712-4DD5-4C88-BB53-4699ACCEA54E}"
EndProject
Project("{FAE04EC0-301F-11D3-BF4B-00C04F79EFBC}") = "CSharpV5", "CSharpV5\CSharpV5.csproj", "{502C1BB9-E071-40B0-8EFF-81505BE70BD9}"
EndProject
Project("{FAE04EC0-301F-11D3-BF4B-00C04F79EFBC}") = "CSharpV3", "CSharpV3\CSharpV3.csproj", "{9302FAE0-8395-46AC-9238-BED122932180}"
EndProject
Project("{FAE04EC0-301F-11D3-BF4B-00C04F79EFBC}") = "CSharpV4", "CSharpV4\CSharpV4.csproj", "{53C582A9-C851-4D32-8062-F2F76D79D30B}"
EndProject
Project("{FAE04EC0-301F-11D3-BF4B-00C04F79EFBC}") = "CSharpV2", "CSharpV2\CSharpV2.csproj", "{54AC23D0-7C2E-4794-86B9-6A66F7B09AEF}"
EndProject
Global
	GlobalSection(SolutionConfigurationPlatforms) = preSolution
		Debug|Any CPU = Debug|Any CPU
		Release|Any CPU = Release|Any CPU
	EndGlobalSection
	GlobalSection(ProjectConfigurationPlatforms) = postSolution
		{D9C92DF1-E458-446B-87B5-94206DE2F05D}.Debug|Any CPU.ActiveCfg = Debug|Any CPU
		{D9C92DF1-E458-446B-87B5-94206DE2F05D}.Debug|Any CPU.Build.0 = Debug|Any CPU
		{D9C92DF1-E458-446B-87B5-94206DE2F05D}.Release|Any CPU.ActiveCfg = Release|Any CPU
		{D9C92DF1-E458-446B-87B5-94206DE2F05D}.Release|Any CPU.Build.0 = Release|Any CPU
		{1C1F0712-4DD5-4C88-BB53-4699ACCEA54E}.Debug|Any CPU.ActiveCfg = Debug|Any CPU
		{1C1F0712-4DD5-4C88-BB53-4699ACCEA54E}.Debug|Any CPU.Build.0 = Debug|Any CPU
		{1C1F0712-4DD5-4C88-BB53-4699ACCEA54E}.Release|Any CPU.ActiveCfg = Release|Any CPU
		{1C1F0712-4DD5-4C88-BB53-4699ACCEA54E}.Release|Any CPU.Build.0 = Release|Any CPU
		{502C1BB9-E071-40B0-8EFF-81505BE70BD9}.Debug|Any CPU.ActiveCfg = Debug|Any CPU
		{502C1BB9-E071-40B0-8EFF-81505BE70BD9}.Debug|Any CPU.Build.0 = Debug|Any CPU
		{502C1BB9-E071-40B0-8EFF-81505BE70BD9}.Release|Any CPU.ActiveCfg = Release|Any CPU
		{502C1BB9-E071-40B0-8EFF-81505BE70BD9}.Release|Any CPU.Build.0 = Release|Any CPU
		{9302FAE0-8395-46AC-9238-BED122932180}.Debug|Any CPU.ActiveCfg = Debug|Any CPU
		{9302FAE0-8395-46AC-9238-BED122932180}.Debug|Any CPU.Build.0 = Debug|Any CPU
		{9302FAE0-8395-46AC-9238-BED122932180}.Release|Any CPU.ActiveCfg = Release|Any CPU
		{9302FAE0-8395-46AC-9238-BED122932180}.Release|Any CPU.Build.0 = Release|Any CPU
		{53C582A9-C851-4D32-8062-F2F76D79D30B}.Debug|Any CPU.ActiveCfg = Debug|Any CPU
		{53C582A9-C851-4D32-8062-F2F76D79D30B}.Debug|Any CPU.Build.0 = Debug|Any CPU
		{53C582A9-C851-4D32-8062-F2F76D79D30B}.Release|Any CPU.ActiveCfg = Release|Any CPU
		{53C582A9-C851-4D32-8062-F2F76D79D30B}.Release|Any CPU.Build.0 = Release|Any CPU
		{54AC23D0-7C2E-4794-86B9-6A66F7B09AEF}.Debug|Any CPU.ActiveCfg = Debug|Any CPU
		{54AC23D0-7C2E-4794-86B9-6A66F7B09AEF}.Debug|Any CPU.Build.0 = Debug|Any CPU
		{54AC23D0-7C2E-4794-86B9-6A66F7B09AEF}.Release|Any CPU.ActiveCfg = Release|Any CPU
		{54AC23D0-7C2E-4794-86B9-6A66F7B09AEF}.Release|Any CPU.Build.0 = Release|Any CPU
	EndGlobalSection
	GlobalSection(SolutionProperties) = preSolution
		HideSolutionNode = FALSE
	EndGlobalSection
EndGlobal
